
Microsoft Visual Studio Solution File, Format Version 12.00
# Visual Studio Version 16
VisualStudioVersion = 16.0.30804.86
MinimumVisualStudioVersion = 10.0.40219.1
Project("{FAE04EC0-301F-11D3-BF4B-00C04F79EFBC}") = "MonqService", "MonqService\MonqService.csproj", "{AF24C089-819B-42CA-B037-A6F022A577DB}"
EndProject
Global
	GlobalSection(SolutionConfigurationPlatforms) = preSolution
		Debug|Any CPU = Debug|Any CPU
		Release|Any CPU = Release|Any CPU
	EndGlobalSection
	GlobalSection(ProjectConfigurationPlatforms) = postSolution
		{AF24C089-819B-42CA-B037-A6F022A577DB}.Debug|Any CPU.ActiveCfg = Debug|Any CPU
		{AF24C089-819B-42CA-B037-A6F022A577DB}.Debug|Any CPU.Build.0 = Debug|Any CPU
		{AF24C089-819B-42CA-B037-A6F022A577DB}.Release|Any CPU.ActiveCfg = Release|Any CPU
		{AF24C089-819B-42CA-B037-A6F022A577DB}.Release|Any CPU.Build.0 = Release|Any CPU
	EndGlobalSection
	GlobalSection(SolutionProperties) = preSolution
		HideSolutionNode = FALSE
	EndGlobalSection
	GlobalSection(ExtensibilityGlobals) = postSolution
		SolutionGuid = {63EC1834-6B02-47E7-AC66-3F9B558F6ED1}
	EndGlobalSection
EndGlobal
